
Microsoft Visual Studio Solution File, Format Version 12.00
# Visual Studio 15
VisualStudioVersion = 15.0.26730.8
MinimumVisualStudioVersion = 10.0.40219.1
Project("{D954291E-2A0B-460D-934E-DC6B0785DB48}") = "UFSCApp", "UFSCApp\UFSCApp\UFSCApp.shproj", "{CE05A780-E9F5-43D7-AEEB-E3C5B1380EBA}"
EndProject
Project("{FAE04EC0-301F-11D3-BF4B-00C04F79EFBC}") = "UFSCApp.Android", "UFSCApp\UFSCApp.Android\UFSCApp.Android.csproj", "{6205E2C1-868E-48A8-9C43-C8ECB7CDBCA8}"
EndProject
Project("{FAE04EC0-301F-11D3-BF4B-00C04F79EFBC}") = "UFSCApp.iOS", "UFSCApp\UFSCApp.iOS\UFSCApp.iOS.csproj", "{2E68B1D5-1F21-4A5E-AD54-0ED58FC9C494}"
EndProject
Project("{FAE04EC0-301F-11D3-BF4B-00C04F79EFBC}") = "UFSCApp.UWP", "UFSCApp\UFSCApp.UWP\UFSCApp.UWP.csproj", "{CA468D11-41A0-4718-983E-E86A3855AFD8}"
EndProject
Global
	GlobalSection(SharedMSBuildProjectFiles) = preSolution
		UFSCApp\UFSCApp\UFSCApp.projitems*{2e68b1d5-1f21-4a5e-ad54-0ed58fc9c494}*SharedItemsImports = 4
		UFSCApp\UFSCApp\UFSCApp.projitems*{6205e2c1-868e-48a8-9c43-c8ecb7cdbca8}*SharedItemsImports = 4
		UFSCApp\UFSCApp\UFSCApp.projitems*{ca468d11-41a0-4718-983e-e86a3855afd8}*SharedItemsImports = 4
		UFSCApp\UFSCApp\UFSCApp.projitems*{ce05a780-e9f5-43d7-aeeb-e3c5b1380eba}*SharedItemsImports = 13
	EndGlobalSection
	GlobalSection(SolutionConfigurationPlatforms) = preSolution
		Ad-Hoc|Any CPU = Ad-Hoc|Any CPU
		Ad-Hoc|ARM = Ad-Hoc|ARM
		Ad-Hoc|iPhone = Ad-Hoc|iPhone
		Ad-Hoc|iPhoneSimulator = Ad-Hoc|iPhoneSimulator
		Ad-Hoc|x64 = Ad-Hoc|x64
		Ad-Hoc|x86 = Ad-Hoc|x86
		AppStore|Any CPU = AppStore|Any CPU
		AppStore|ARM = AppStore|ARM
		AppStore|iPhone = AppStore|iPhone
		AppStore|iPhoneSimulator = AppStore|iPhoneSimulator
		AppStore|x64 = AppStore|x64
		AppStore|x86 = AppStore|x86
		Debug|Any CPU = Debug|Any CPU
		Debug|ARM = Debug|ARM
		Debug|iPhone = Debug|iPhone
		Debug|iPhoneSimulator = Debug|iPhoneSimulator
		Debug|x64 = Debug|x64
		Debug|x86 = Debug|x86
		Release|Any CPU = Release|Any CPU
		Release|ARM = Release|ARM
		Release|iPhone = Release|iPhone
		Release|iPhoneSimulator = Release|iPhoneSimulator
		Release|x64 = Release|x64
		Release|x86 = Release|x86
	EndGlobalSection
	GlobalSection(ProjectConfigurationPlatforms) = postSolution
		{6205E2C1-868E-48A8-9C43-C8ECB7CDBCA8}.Ad-Hoc|Any CPU.ActiveCfg = Release|Any CPU
		{6205E2C1-868E-48A8-9C43-C8ECB7CDBCA8}.Ad-Hoc|Any CPU.Build.0 = Release|Any CPU
		{6205E2C1-868E-48A8-9C43-C8ECB7CDBCA8}.Ad-Hoc|Any CPU.Deploy.0 = Release|Any CPU
		{6205E2C1-868E-48A8-9C43-C8ECB7CDBCA8}.Ad-Hoc|ARM.ActiveCfg = Release|Any CPU
		{6205E2C1-868E-48A8-9C43-C8ECB7CDBCA8}.Ad-Hoc|ARM.Build.0 = Release|Any CPU
		{6205E2C1-868E-48A8-9C43-C8ECB7CDBCA8}.Ad-Hoc|ARM.Deploy.0 = Release|Any CPU
		{6205E2C1-868E-48A8-9C43-C8ECB7CDBCA8}.Ad-Hoc|iPhone.ActiveCfg = Release|Any CPU
		{6205E2C1-868E-48A8-9C43-C8ECB7CDBCA8}.Ad-Hoc|iPhone.Build.0 = Release|Any CPU
		{6205E2C1-868E-48A8-9C43-C8ECB7CDBCA8}.Ad-Hoc|iPhone.Deploy.0 = Release|Any CPU
		{6205E2C1-868E-48A8-9C43-C8ECB7CDBCA8}.Ad-Hoc|iPhoneSimulator.ActiveCfg = Release|Any CPU
		{6205E2C1-868E-48A8-9C43-C8ECB7CDBCA8}.Ad-Hoc|iPhoneSimulator.Build.0 = Release|Any CPU
		{6205E2C1-868E-48A8-9C43-C8ECB7CDBCA8}.Ad-Hoc|iPhoneSimulator.Deploy.0 = Release|Any CPU
		{6205E2C1-868E-48A8-9C43-C8ECB7CDBCA8}.Ad-Hoc|x64.ActiveCfg = Release|Any CPU
		{6205E2C1-868E-48A8-9C43-C8ECB7CDBCA8}.Ad-Hoc|x64.Build.0 = Release|Any CPU
		{6205E2C1-868E-48A8-9C43-C8ECB7CDBCA8}.Ad-Hoc|x64.Deploy.0 = Release|Any CPU
		{6205E2C1-868E-48A8-9C43-C8ECB7CDBCA8}.Ad-Hoc|x86.ActiveCfg = Release|Any CPU
		{6205E2C1-868E-48A8-9C43-C8ECB7CDBCA8}.Ad-Hoc|x86.Build.0 = Release|Any CPU
		{6205E2C1-868E-48A8-9C43-C8ECB7CDBCA8}.Ad-Hoc|x86.Deploy.0 = Release|Any CPU
		{6205E2C1-868E-48A8-9C43-C8ECB7CDBCA8}.AppStore|Any CPU.ActiveCfg = Release|Any CPU
		{6205E2C1-868E-48A8-9C43-C8ECB7CDBCA8}.AppStore|Any CPU.Build.0 = Release|Any CPU
		{6205E2C1-868E-48A8-9C43-C8ECB7CDBCA8}.AppStore|Any CPU.Deploy.0 = Release|Any CPU
		{6205E2C1-868E-48A8-9C43-C8ECB7CDBCA8}.AppStore|ARM.ActiveCfg = Release|Any CPU
		{6205E2C1-868E-48A8-9C43-C8ECB7CDBCA8}.AppStore|ARM.Build.0 = Release|Any CPU
		{6205E2C1-868E-48A8-9C43-C8ECB7CDBCA8}.AppStore|ARM.Deploy.0 = Release|Any CPU
		{6205E2C1-868E-48A8-9C43-C8ECB7CDBCA8}.AppStore|iPhone.ActiveCfg = Release|Any CPU
		{6205E2C1-868E-48A8-9C43-C8ECB7CDBCA8}.AppStore|iPhone.Build.0 = Release|Any CPU
		{6205E2C1-868E-48A8-9C43-C8ECB7CDBCA8}.AppStore|iPhone.Deploy.0 = Release|Any CPU
		{6205E2C1-868E-48A8-9C43-C8ECB7CDBCA8}.AppStore|iPhoneSimulator.ActiveCfg = Release|Any CPU
		{6205E2C1-868E-48A8-9C43-C8ECB7CDBCA8}.AppStore|iPhoneSimulator.Build.0 = Release|Any CPU
		{6205E2C1-868E-48A8-9C43-C8ECB7CDBCA8}.AppStore|iPhoneSimulator.Deploy.0 = Release|Any CPU
		{6205E2C1-868E-48A8-9C43-C8ECB7CDBCA8}.AppStore|x64.ActiveCfg = Release|Any CPU
		{6205E2C1-868E-48A8-9C43-C8ECB7CDBCA8}.AppStore|x64.Build.0 = Release|Any CPU
		{6205E2C1-868E-48A8-9C43-C8ECB7CDBCA8}.AppStore|x64.Deploy.0 = Release|Any CPU
		{6205E2C1-868E-48A8-9C43-C8ECB7CDBCA8}.AppStore|x86.ActiveCfg = Release|Any CPU
		{6205E2C1-868E-48A8-9C43-C8ECB7CDBCA8}.AppStore|x86.Build.0 = Release|Any CPU
		{6205E2C1-868E-48A8-9C43-C8ECB7CDBCA8}.AppStore|x86.Deploy.0 = Release|Any CPU
		{6205E2C1-868E-48A8-9C43-C8ECB7CDBCA8}.Debug|Any CPU.ActiveCfg = Debug|Any CPU
		{6205E2C1-868E-48A8-9C43-C8ECB7CDBCA8}.Debug|Any CPU.Build.0 = Debug|Any CPU
		{6205E2C1-868E-48A8-9C43-C8ECB7CDBCA8}.Debug|Any CPU.Deploy.0 = Debug|Any CPU
		{6205E2C1-868E-48A8-9C43-C8ECB7CDBCA8}.Debug|ARM.ActiveCfg = Debug|Any CPU
		{6205E2C1-868E-48A8-9C43-C8ECB7CDBCA8}.Debug|ARM.Build.0 = Debug|Any CPU
		{6205E2C1-868E-48A8-9C43-C8ECB7CDBCA8}.Debug|ARM.Deploy.0 = Debug|Any CPU
		{6205E2C1-868E-48A8-9C43-C8ECB7CDBCA8}.Debug|iPhone.ActiveCfg = Debug|Any CPU
		{6205E2C1-868E-48A8-9C43-C8ECB7CDBCA8}.Debug|iPhone.Build.0 = Debug|Any CPU
		{6205E2C1-868E-48A8-9C43-C8ECB7CDBCA8}.Debug|iPhone.Deploy.0 = Debug|Any CPU
		{6205E2C1-868E-48A8-9C43-C8ECB7CDBCA8}.Debug|iPhoneSimulator.ActiveCfg = Debug|Any CPU
		{6205E2C1-868E-48A8-9C43-C8ECB7CDBCA8}.Debug|iPhoneSimulator.Build.0 = Debug|Any CPU
		{6205E2C1-868E-48A8-9C43-C8ECB7CDBCA8}.Debug|iPhoneSimulator.Deploy.0 = Debug|Any CPU
		{6205E2C1-868E-48A8-9C43-C8ECB7CDBCA8}.Debug|x64.ActiveCfg = Debug|Any CPU
		{6205E2C1-868E-48A8-9C43-C8ECB7CDBCA8}.Debug|x64.Build.0 = Debug|Any CPU
		{6205E2C1-868E-48A8-9C43-C8ECB7CDBCA8}.Debug|x64.Deploy.0 = Debug|Any CPU
		{6205E2C1-868E-48A8-9C43-C8ECB7CDBCA8}.Debug|x86.ActiveCfg = Debug|Any CPU
		{6205E2C1-868E-48A8-9C43-C8ECB7CDBCA8}.Debug|x86.Build.0 = Debug|Any CPU
		{6205E2C1-868E-48A8-9C43-C8ECB7CDBCA8}.Debug|x86.Deploy.0 = Debug|Any CPU
		{6205E2C1-868E-48A8-9C43-C8ECB7CDBCA8}.Release|Any CPU.ActiveCfg = Release|Any CPU
		{6205E2C1-868E-48A8-9C43-C8ECB7CDBCA8}.Release|Any CPU.Build.0 = Release|Any CPU
		{6205E2C1-868E-48A8-9C43-C8ECB7CDBCA8}.Release|Any CPU.Deploy.0 = Release|Any CPU
		{6205E2C1-868E-48A8-9C43-C8ECB7CDBCA8}.Release|ARM.ActiveCfg = Release|Any CPU
		{6205E2C1-868E-48A8-9C43-C8ECB7CDBCA8}.Release|ARM.Build.0 = Release|Any CPU
		{6205E2C1-868E-48A8-9C43-C8ECB7CDBCA8}.Release|ARM.Deploy.0 = Release|Any CPU
		{6205E2C1-868E-48A8-9C43-C8ECB7CDBCA8}.Release|iPhone.ActiveCfg = Release|Any CPU
		{6205E2C1-868E-48A8-9C43-C8ECB7CDBCA8}.Release|iPhone.Build.0 = Release|Any CPU
		{6205E2C1-868E-48A8-9C43-C8ECB7CDBCA8}.Release|iPhone.Deploy.0 = Release|Any CPU
		{6205E2C1-868E-48A8-9C43-C8ECB7CDBCA8}.Release|iPhoneSimulator.ActiveCfg = Release|Any CPU
		{6205E2C1-868E-48A8-9C43-C8ECB7CDBCA8}.Release|iPhoneSimulator.Build.0 = Release|Any CPU
		{6205E2C1-868E-48A8-9C43-C8ECB7CDBCA8}.Release|iPhoneSimulator.Deploy.0 = Release|Any CPU
		{6205E2C1-868E-48A8-9C43-C8ECB7CDBCA8}.Release|x64.ActiveCfg = Release|Any CPU
		{6205E2C1-868E-48A8-9C43-C8ECB7CDBCA8}.Release|x64.Build.0 = Release|Any CPU
		{6205E2C1-868E-48A8-9C43-C8ECB7CDBCA8}.Release|x64.Deploy.0 = Release|Any CPU
		{6205E2C1-868E-48A8-9C43-C8ECB7CDBCA8}.Release|x86.ActiveCfg = Release|Any CPU
		{6205E2C1-868E-48A8-9C43-C8ECB7CDBCA8}.Release|x86.Build.0 = Release|Any CPU
		{6205E2C1-868E-48A8-9C43-C8ECB7CDBCA8}.Release|x86.Deploy.0 = Release|Any CPU
		{2E68B1D5-1F21-4A5E-AD54-0ED58FC9C494}.Ad-Hoc|Any CPU.ActiveCfg = Ad-Hoc|iPhone
		{2E68B1D5-1F21-4A5E-AD54-0ED58FC9C494}.Ad-Hoc|ARM.ActiveCfg = Ad-Hoc|iPhone
		{2E68B1D5-1F21-4A5E-AD54-0ED58FC9C494}.Ad-Hoc|iPhone.ActiveCfg = Ad-Hoc|iPhone
		{2E68B1D5-1F21-4A5E-AD54-0ED58FC9C494}.Ad-Hoc|iPhone.Build.0 = Ad-Hoc|iPhone
		{2E68B1D5-1F21-4A5E-AD54-0ED58FC9C494}.Ad-Hoc|iPhoneSimulator.ActiveCfg = Ad-Hoc|iPhoneSimulator
		{2E68B1D5-1F21-4A5E-AD54-0ED58FC9C494}.Ad-Hoc|iPhoneSimulator.Build.0 = Ad-Hoc|iPhoneSimulator
		{2E68B1D5-1F21-4A5E-AD54-0ED58FC9C494}.Ad-Hoc|x64.ActiveCfg = Ad-Hoc|iPhone
		{2E68B1D5-1F21-4A5E-AD54-0ED58FC9C494}.Ad-Hoc|x86.ActiveCfg = Ad-Hoc|iPhone
		{2E68B1D5-1F21-4A5E-AD54-0ED58FC9C494}.AppStore|Any CPU.ActiveCfg = AppStore|iPhone
		{2E68B1D5-1F21-4A5E-AD54-0ED58FC9C494}.AppStore|ARM.ActiveCfg = AppStore|iPhone
		{2E68B1D5-1F21-4A5E-AD54-0ED58FC9C494}.AppStore|iPhone.ActiveCfg = AppStore|iPhone
		{2E68B1D5-1F21-4A5E-AD54-0ED58FC9C494}.AppStore|iPhone.Build.0 = AppStore|iPhone
		{2E68B1D5-1F21-4A5E-AD54-0ED58FC9C494}.AppStore|iPhoneSimulator.ActiveCfg = AppStore|iPhoneSimulator
		{2E68B1D5-1F21-4A5E-AD54-0ED58FC9C494}.AppStore|iPhoneSimulator.Build.0 = AppStore|iPhoneSimulator
		{2E68B1D5-1F21-4A5E-AD54-0ED58FC9C494}.AppStore|x64.ActiveCfg = AppStore|iPhone
		{2E68B1D5-1F21-4A5E-AD54-0ED58FC9C494}.AppStore|x86.ActiveCfg = AppStore|iPhone
		{2E68B1D5-1F21-4A5E-AD54-0ED58FC9C494}.Debug|Any CPU.ActiveCfg = Debug|iPhone
		{2E68B1D5-1F21-4A5E-AD54-0ED58FC9C494}.Debug|ARM.ActiveCfg = Debug|iPhone
		{2E68B1D5-1F21-4A5E-AD54-0ED58FC9C494}.Debug|iPhone.ActiveCfg = Debug|iPhone
		{2E68B1D5-1F21-4A5E-AD54-0ED58FC9C494}.Debug|iPhone.Build.0 = Debug|iPhone
		{2E68B1D5-1F21-4A5E-AD54-0ED58FC9C494}.Debug|iPhoneSimulator.ActiveCfg = Debug|iPhoneSimulator
		{2E68B1D5-1F21-4A5E-AD54-0ED58FC9C494}.Debug|iPhoneSimulator.Build.0 = Debug|iPhoneSimulator
		{2E68B1D5-1F21-4A5E-AD54-0ED58FC9C494}.Debug|x64.ActiveCfg = Debug|iPhone
		{2E68B1D5-1F21-4A5E-AD54-0ED58FC9C494}.Debug|x86.ActiveCfg = Debug|iPhone
		{2E68B1D5-1F21-4A5E-AD54-0ED58FC9C494}.Release|Any CPU.ActiveCfg = Release|iPhone
		{2E68B1D5-1F21-4A5E-AD54-0ED58FC9C494}.Release|ARM.ActiveCfg = Release|iPhone
		{2E68B1D5-1F21-4A5E-AD54-0ED58FC9C494}.Release|iPhone.ActiveCfg = Release|iPhone
		{2E68B1D5-1F21-4A5E-AD54-0ED58FC9C494}.Release|iPhone.Build.0 = Release|iPhone
		{2E68B1D5-1F21-4A5E-AD54-0ED58FC9C494}.Release|iPhoneSimulator.ActiveCfg = Release|iPhoneSimulator
		{2E68B1D5-1F21-4A5E-AD54-0ED58FC9C494}.Release|iPhoneSimulator.Build.0 = Release|iPhoneSimulator
		{2E68B1D5-1F21-4A5E-AD54-0ED58FC9C494}.Release|x64.ActiveCfg = Release|iPhone
		{2E68B1D5-1F21-4A5E-AD54-0ED58FC9C494}.Release|x86.ActiveCfg = Release|iPhone
		{CA468D11-41A0-4718-983E-E86A3855AFD8}.Ad-Hoc|Any CPU.ActiveCfg = Release|x86
		{CA468D11-41A0-4718-983E-E86A3855AFD8}.Ad-Hoc|Any CPU.Build.0 = Release|x86
		{CA468D11-41A0-4718-983E-E86A3855AFD8}.Ad-Hoc|Any CPU.Deploy.0 = Release|x86
		{CA468D11-41A0-4718-983E-E86A3855AFD8}.Ad-Hoc|ARM.ActiveCfg = Release|ARM
		{CA468D11-41A0-4718-983E-E86A3855AFD8}.Ad-Hoc|ARM.Build.0 = Release|ARM
		{CA468D11-41A0-4718-983E-E86A3855AFD8}.Ad-Hoc|ARM.Deploy.0 = Release|ARM
		{CA468D11-41A0-4718-983E-E86A3855AFD8}.Ad-Hoc|iPhone.ActiveCfg = Release|x86
		{CA468D11-41A0-4718-983E-E86A3855AFD8}.Ad-Hoc|iPhone.Build.0 = Release|x86
		{CA468D11-41A0-4718-983E-E86A3855AFD8}.Ad-Hoc|iPhone.Deploy.0 = Release|x86
		{CA468D11-41A0-4718-983E-E86A3855AFD8}.Ad-Hoc|iPhoneSimulator.ActiveCfg = Release|x86
		{CA468D11-41A0-4718-983E-E86A3855AFD8}.Ad-Hoc|iPhoneSimulator.Build.0 = Release|x86
		{CA468D11-41A0-4718-983E-E86A3855AFD8}.Ad-Hoc|iPhoneSimulator.Deploy.0 = Release|x86
		{CA468D11-41A0-4718-983E-E86A3855AFD8}.Ad-Hoc|x64.ActiveCfg = Release|x64
		{CA468D11-41A0-4718-983E-E86A3855AFD8}.Ad-Hoc|x64.Build.0 = Release|x64
		{CA468D11-41A0-4718-983E-E86A3855AFD8}.Ad-Hoc|x64.Deploy.0 = Release|x64
		{CA468D11-41A0-4718-983E-E86A3855AFD8}.Ad-Hoc|x86.ActiveCfg = Release|x86
		{CA468D11-41A0-4718-983E-E86A3855AFD8}.Ad-Hoc|x86.Build.0 = Release|x86
		{CA468D11-41A0-4718-983E-E86A3855AFD8}.Ad-Hoc|x86.Deploy.0 = Release|x86
		{CA468D11-41A0-4718-983E-E86A3855AFD8}.AppStore|Any CPU.ActiveCfg = Release|x86
		{CA468D11-41A0-4718-983E-E86A3855AFD8}.AppStore|Any CPU.Build.0 = Release|x86
		{CA468D11-41A0-4718-983E-E86A3855AFD8}.AppStore|Any CPU.Deploy.0 = Release|x86
		{CA468D11-41A0-4718-983E-E86A3855AFD8}.AppStore|ARM.ActiveCfg = Release|ARM
		{CA468D11-41A0-4718-983E-E86A3855AFD8}.AppStore|ARM.Build.0 = Release|ARM
		{CA468D11-41A0-4718-983E-E86A3855AFD8}.AppStore|ARM.Deploy.0 = Release|ARM
		{CA468D11-41A0-4718-983E-E86A3855AFD8}.AppStore|iPhone.ActiveCfg = Release|x86
		{CA468D11-41A0-4718-983E-E86A3855AFD8}.AppStore|iPhone.Build.0 = Release|x86
		{CA468D11-41A0-4718-983E-E86A3855AFD8}.AppStore|iPhone.Deploy.0 = Release|x86
		{CA468D11-41A0-4718-983E-E86A3855AFD8}.AppStore|iPhoneSimulator.ActiveCfg = Release|x86
		{CA468D11-41A0-4718-983E-E86A3855AFD8}.AppStore|iPhoneSimulator.Build.0 = Release|x86
		{CA468D11-41A0-4718-983E-E86A3855AFD8}.AppStore|iPhoneSimulator.Deploy.0 = Release|x86
		{CA468D11-41A0-4718-983E-E86A3855AFD8}.AppStore|x64.ActiveCfg = Release|x64
		{CA468D11-41A0-4718-983E-E86A3855AFD8}.AppStore|x64.Build.0 = Release|x64
		{CA468D11-41A0-4718-983E-E86A3855AFD8}.AppStore|x64.Deploy.0 = Release|x64
		{CA468D11-41A0-4718-983E-E86A3855AFD8}.AppStore|x86.ActiveCfg = Release|x86
		{CA468D11-41A0-4718-983E-E86A3855AFD8}.AppStore|x86.Build.0 = Release|x86
		{CA468D11-41A0-4718-983E-E86A3855AFD8}.AppStore|x86.Deploy.0 = Release|x86
		{CA468D11-41A0-4718-983E-E86A3855AFD8}.Debug|Any CPU.ActiveCfg = Debug|x86
		{CA468D11-41A0-4718-983E-E86A3855AFD8}.Debug|Any CPU.Build.0 = Debug|x86
		{CA468D11-41A0-4718-983E-E86A3855AFD8}.Debug|Any CPU.Deploy.0 = Debug|x86
		{CA468D11-41A0-4718-983E-E86A3855AFD8}.Debug|ARM.ActiveCfg = Debug|ARM
		{CA468D11-41A0-4718-983E-E86A3855AFD8}.Debug|ARM.Build.0 = Debug|ARM
		{CA468D11-41A0-4718-983E-E86A3855AFD8}.Debug|ARM.Deploy.0 = Debug|ARM
		{CA468D11-41A0-4718-983E-E86A3855AFD8}.Debug|iPhone.ActiveCfg = Debug|x86
		{CA468D11-41A0-4718-983E-E86A3855AFD8}.Debug|iPhoneSimulator.ActiveCfg = Debug|x86
		{CA468D11-41A0-4718-983E-E86A3855AFD8}.Debug|x64.ActiveCfg = Debug|x64
		{CA468D11-41A0-4718-983E-E86A3855AFD8}.Debug|x64.Build.0 = Debug|x64
		{CA468D11-41A0-4718-983E-E86A3855AFD8}.Debug|x64.Deploy.0 = Debug|x64
		{CA468D11-41A0-4718-983E-E86A3855AFD8}.Debug|x86.ActiveCfg = Debug|x86
		{CA468D11-41A0-4718-983E-E86A3855AFD8}.Debug|x86.Build.0 = Debug|x86
		{CA468D11-41A0-4718-983E-E86A3855AFD8}.Debug|x86.Deploy.0 = Debug|x86
		{CA468D11-41A0-4718-983E-E86A3855AFD8}.Release|Any CPU.ActiveCfg = Release|x86
		{CA468D11-41A0-4718-983E-E86A3855AFD8}.Release|ARM.ActiveCfg = Release|ARM
		{CA468D11-41A0-4718-983E-E86A3855AFD8}.Release|ARM.Build.0 = Release|ARM
		{CA468D11-41A0-4718-983E-E86A3855AFD8}.Release|ARM.Deploy.0 = Release|ARM
		{CA468D11-41A0-4718-983E-E86A3855AFD8}.Release|iPhone.ActiveCfg = Release|x86
		{CA468D11-41A0-4718-983E-E86A3855AFD8}.Release|iPhoneSimulator.ActiveCfg = Release|x86
		{CA468D11-41A0-4718-983E-E86A3855AFD8}.Release|x64.ActiveCfg = Release|x64
		{CA468D11-41A0-4718-983E-E86A3855AFD8}.Release|x64.Build.0 = Release|x64
		{CA468D11-41A0-4718-983E-E86A3855AFD8}.Release|x64.Deploy.0 = Release|x64
		{CA468D11-41A0-4718-983E-E86A3855AFD8}.Release|x86.ActiveCfg = Release|x86
		{CA468D11-41A0-4718-983E-E86A3855AFD8}.Release|x86.Build.0 = Release|x86
		{CA468D11-41A0-4718-983E-E86A3855AFD8}.Release|x86.Deploy.0 = Release|x86
	EndGlobalSection
	GlobalSection(SolutionProperties) = preSolution
		HideSolutionNode = FALSE
	EndGlobalSection
	GlobalSection(ExtensibilityGlobals) = postSolution
		SolutionGuid = {B6FED76C-0434-4BD9-8BEE-2B813D2209C7}
	EndGlobalSection
EndGlobal
